
Microsoft Visual Studio Solution File, Format Version 12.00
# Visual Studio Version 17
VisualStudioVersion = 17.10.35013.160
MinimumVisualStudioVersion = 10.0.40219.1
Project("{FAE04EC0-301F-11D3-BF4B-00C04F79EFBC}") = "TchapsTech.Customers", "TchapsTech.Customers\TchapsTech.Customers.csproj", "{FFEA6196-7652-428A-BA5B-2EE35AF2309B}"
EndProject
Global
	GlobalSection(SolutionConfigurationPlatforms) = preSolution
		Debug|Any CPU = Debug|Any CPU
		Release|Any CPU = Release|Any CPU
	EndGlobalSection
	GlobalSection(ProjectConfigurationPlatforms) = postSolution
		{FFEA6196-7652-428A-BA5B-2EE35AF2309B}.Debug|Any CPU.ActiveCfg = Debug|Any CPU
		{FFEA6196-7652-428A-BA5B-2EE35AF2309B}.Debug|Any CPU.Build.0 = Debug|Any CPU
		{FFEA6196-7652-428A-BA5B-2EE35AF2309B}.Release|Any CPU.ActiveCfg = Release|Any CPU
		{FFEA6196-7652-428A-BA5B-2EE35AF2309B}.Release|Any CPU.Build.0 = Release|Any CPU
	EndGlobalSection
	GlobalSection(SolutionProperties) = preSolution
		HideSolutionNode = FALSE
	EndGlobalSection
	GlobalSection(ExtensibilityGlobals) = postSolution
		SolutionGuid = {37F2DCBE-67FD-404D-8BF9-88FFD4CC96B1}
	EndGlobalSection
EndGlobal
